Microsoft Visual Studio Solution File, Format Version 12.00
# Visual Studio Version 17
VisualStudioVersion = 17.2.32526.322
MinimumVisualStudioVersion = 10.0.40219.1
Project("{8BC9CEB8-8B4A-11D0-8D11-00A0C91BC942}") = "show_images_loop", "show_images_loop.vcxproj", "{29B30737-E2BF-4B1E-B705-6869996BCFCE}"
EndProject
Global
	GlobalSection(SolutionConfigurationPlatforms) = preSolution
		Debug|x64 = Debug|x64
	EndGlobalSection
	GlobalSection(ProjectConfigurationPlatforms) = postSolution
		{29B30737-E2BF-4B1E-B705-6869996BCFCE}.Debug|x64.ActiveCfg = Debug|x64
		{29B30737-E2BF-4B1E-B705-6869996BCFCE}.Debug|x64.Build.0 = Debug|x64
	EndGlobalSection
	GlobalSection(SolutionProperties) = preSolution
		HideSolutionNode = FALSE
	EndGlobalSection
	GlobalSection(ExtensibilityGlobals) = postSolution
		SolutionGuid = {057AF243-0372-4CF7-AB4C-06E8BB67E99B}
	EndGlobalSection
EndGlobal
